
Microsoft Visual Studio Solution File, Format Version 12.00
# Visual Studio Version 16
VisualStudioVersion = 16.0.30503.244
MinimumVisualStudioVersion = 10.0.40219.1
Project("{8BC9CEB8-8B4A-11D0-8D11-00A0C91BC942}") = "exo1", "exo1\exo1.vcxproj", "{E39F3D88-BBDE-4D79-BF0C-A340BAEEE081}"
EndProject
Project("{8BC9CEB8-8B4A-11D0-8D11-00A0C91BC942}") = "exo2", "exo2\exo2.vcxproj", "{5E573A49-D617-49DB-8856-157C21243912}"
EndProject
Project("{8BC9CEB8-8B4A-11D0-8D11-00A0C91BC942}") = "exo3", "exo3\exo3.vcxproj", "{4A1F62F7-5471-4544-96C2-F012DF3CD19F}"
EndProject
Project("{8BC9CEB8-8B4A-11D0-8D11-00A0C91BC942}") = "exo4", "exo4\exo4.vcxproj", "{90D418D9-3EB5-4391-A429-D2B8C66BCDFE}"
EndProject
Project("{8BC9CEB8-8B4A-11D0-8D11-00A0C91BC942}") = "exo5", "exo5\exo5.vcxproj", "{DBD9C128-98C0-4A03-AB2E-9E98B24717CF}"
EndProject
Project("{8BC9CEB8-8B4A-11D0-8D11-00A0C91BC942}") = "exo6", "exo6\exo6.vcxproj", "{4C6D3608-8746-4437-8FF5-049979FD7178}"
EndProject
Global
	GlobalSection(SolutionConfigurationPlatforms) = preSolution
		Debug|x64 = Debug|x64
		Debug|x86 = Debug|x86
		Release|x64 = Release|x64
		Release|x86 = Release|x86
	EndGlobalSection
	GlobalSection(ProjectConfigurationPlatforms) = postSolution
		{E39F3D88-BBDE-4D79-BF0C-A340BAEEE081}.Debug|x64.ActiveCfg = Debug|x64
		{E39F3D88-BBDE-4D79-BF0C-A340BAEEE081}.Debug|x64.Build.0 = Debug|x64
		{E39F3D88-BBDE-4D79-BF0C-A340BAEEE081}.Debug|x86.ActiveCfg = Debug|Win32
		{E39F3D88-BBDE-4D79-BF0C-A340BAEEE081}.Debug|x86.Build.0 = Debug|Win32
		{E39F3D88-BBDE-4D79-BF0C-A340BAEEE081}.Release|x64.ActiveCfg = Release|x64
		{E39F3D88-BBDE-4D79-BF0C-A340BAEEE081}.Release|x64.Build.0 = Release|x64
		{E39F3D88-BBDE-4D79-BF0C-A340BAEEE081}.Release|x86.ActiveCfg = Release|Win32
		{E39F3D88-BBDE-4D79-BF0C-A340BAEEE081}.Release|x86.Build.0 = Release|Win32
		{5E573A49-D617-49DB-8856-157C21243912}.Debug|x64.ActiveCfg = Debug|x64
		{5E573A49-D617-49DB-8856-157C21243912}.Debug|x64.Build.0 = Debug|x64
		{5E573A49-D617-49DB-8856-157C21243912}.Debug|x86.ActiveCfg = Debug|Win32
		{5E573A49-D617-49DB-8856-157C21243912}.Debug|x86.Build.0 = Debug|Win32
		{5E573A49-D617-49DB-8856-157C21243912}.Release|x64.ActiveCfg = Release|x64
		{5E573A49-D617-49DB-8856-157C21243912}.Release|x64.Build.0 = Release|x64
		{5E573A49-D617-49DB-8856-157C21243912}.Release|x86.ActiveCfg = Release|Win32
		{5E573A49-D617-49DB-8856-157C21243912}.Release|x86.Build.0 = Release|Win32
		{4A1F62F7-5471-4544-96C2-F012DF3CD19F}.Debug|x64.ActiveCfg = Debug|x64
		{4A1F62F7-5471-4544-96C2-F012DF3CD19F}.Debug|x64.Build.0 = Debug|x64
		{4A1F62F7-5471-4544-96C2-F012DF3CD19F}.Debug|x86.ActiveCfg = Debug|Win32
		{4A1F62F7-5471-4544-96C2-F012DF3CD19F}.Debug|x86.Build.0 = Debug|Win32
		{4A1F62F7-5471-4544-96C2-F012DF3CD19F}.Release|x64.ActiveCfg = Release|x64
		{4A1F62F7-5471-4544-96C2-F012DF3CD19F}.Release|x64.Build.0 = Release|x64
		{4A1F62F7-5471-4544-96C2-F012DF3CD19F}.Release|x86.ActiveCfg = Release|Win32
		{4A1F62F7-5471-4544-96C2-F012DF3CD19F}.Release|x86.Build.0 = Release|Win32
		{90D418D9-3EB5-4391-A429-D2B8C66BCDFE}.Debug|x64.ActiveCfg = Debug|x64
		{90D418D9-3EB5-4391-A429-D2B8C66BCDFE}.Debug|x64.Build.0 = Debug|x64
		{90D418D9-3EB5-4391-A429-D2B8C66BCDFE}.Debug|x86.ActiveCfg = Debug|Win32
		{90D418D9-3EB5-4391-A429-D2B8C66BCDFE}.Debug|x86.Build.0 = Debug|Win32
		{90D418D9-3EB5-4391-A429-D2B8C66BCDFE}.Release|x64.ActiveCfg = Release|x64
		{90D418D9-3EB5-4391-A429-D2B8C66BCDFE}.Release|x64.Build.0 = Release|x64
		{90D418D9-3EB5-4391-A429-D2B8C66BCDFE}.Release|x86.ActiveCfg = Release|Win32
		{90D418D9-3EB5-4391-A429-D2B8C66BCDFE}.Release|x86.Build.0 = Release|Win32
		{DBD9C128-98C0-4A03-AB2E-9E98B24717CF}.Debug|x64.ActiveCfg = Debug|x64
		{DBD9C128-98C0-4A03-AB2E-9E98B24717CF}.Debug|x64.Build.0 = Debug|x64
		{DBD9C128-98C0-4A03-AB2E-9E98B24717CF}.Debug|x86.ActiveCfg = Debug|Win32
		{DBD9C128-98C0-4A03-AB2E-9E98B24717CF}.Debug|x86.Build.0 = Debug|Win32
		{DBD9C128-98C0-4A03-AB2E-9E98B24717CF}.Release|x64.ActiveCfg = Release|x64
		{DBD9C128-98C0-4A03-AB2E-9E98B24717CF}.Release|x64.Build.0 = Release|x64
		{DBD9C128-98C0-4A03-AB2E-9E98B24717CF}.Release|x86.ActiveCfg = Release|Win32
		{DBD9C128-98C0-4A03-AB2E-9E98B24717CF}.Release|x86.Build.0 = Release|Win32
		{4C6D3608-8746-4437-8FF5-049979FD7178}.Debug|x64.ActiveCfg = Debug|x64
		{4C6D3608-8746-4437-8FF5-049979FD7178}.Debug|x64.Build.0 = Debug|x64
		{4C6D3608-8746-4437-8FF5-049979FD7178}.Debug|x86.ActiveCfg = Debug|Win32
		{4C6D3608-8746-4437-8FF5-049979FD7178}.Debug|x86.Build.0 = Debug|Win32
		{4C6D3608-8746-4437-8FF5-049979FD7178}.Release|x64.ActiveCfg = Release|x64
		{4C6D3608-8746-4437-8FF5-049979FD7178}.Release|x64.Build.0 = Release|x64
		{4C6D3608-8746-4437-8FF5-049979FD7178}.Release|x86.ActiveCfg = Release|Win32
		{4C6D3608-8746-4437-8FF5-049979FD7178}.Release|x86.Build.0 = Release|Win32
	EndGlobalSection
	GlobalSection(SolutionProperties) = preSolution
		HideSolutionNode = FALSE
	EndGlobalSection
	GlobalSection(ExtensibilityGlobals) = postSolution
		SolutionGuid = {DB45CCDF-40C6-4978-93D5-256812EC3D59}
	EndGlobalSection
EndGlobal
